# -------------------------------------------------------------------------- #
#
# Copyright (C) 2020  Intel Corporation. All rights reserved.
# Your use of Intel Corporation's design tools, logic functions 
# and other software and tools, and any partner logic 
# functions, and any output files from any of the foregoing 
# (including device programming or simulation files), and any 
# associated documentation or information are expressly subject 
# to the terms and conditions of the Intel Program License 
# Subscription Agreement, the Intel Quartus Prime License Agreement,
# the Intel FPGA IP License Agreement, or other applicable license
# agreement, including, without limitation, that your use is for
# the sole purpose of programming logic devices manufactured by
# Intel and sold by Intel or its authorized distributors.  Please
# refer to the applicable agreement for further details, at
# https://fpgasoftware.intel.com/eula.
#
# -------------------------------------------------------------------------- #
#
# Quartus Prime
# Version 20.1.1 Build 720 11/11/2020 SJ Lite Edition
# Date created = 03:08:26  December 05, 2025
#
# -------------------------------------------------------------------------- #
#
# Notes:
#
# 1) The default values for assignments are stored in the file:
#		fpga_wrapper_assignment_defaults.qdf
#    If this file doesn't exist, see file:
#		assignment_defaults.qdf
#
# 2) Altera recommends that you do not modify this file. This
#    file is updated automatically by the Quartus Prime software
#    and any changes you make may be lost or overwritten.
#
# -------------------------------------------------------------------------- #


set_global_assignment -name FAMILY "MAX 10"
set_global_assignment -name DEVICE 10M50DAF484C7G
set_global_assignment -name TOP_LEVEL_ENTITY fpga_wrapper
set_global_assignment -name ORIGINAL_QUARTUS_VERSION 20.1.1
set_global_assignment -name PROJECT_CREATION_TIME_DATE "03:08:26  DECEMBER 05, 2025"
set_global_assignment -name LAST_QUARTUS_VERSION "20.1.1 Lite Edition"
set_global_assignment -name PROJECT_OUTPUT_DIRECTORY output_files
set_global_assignment -name MIN_CORE_JUNCTION_TEMP 0
set_global_assignment -name MAX_CORE_JUNCTION_TEMP 85
set_global_assignment -name ERROR_CHECK_FREQUENCY_DIVISOR 256
set_location_assignment PIN_P11 -to cpu_clk
set_instance_assignment -name IO_STANDARD "3.3-V LVTTL" -to cpu_clk
set_location_assignment PIN_B8 -to KEY[0]
set_location_assignment PIN_A7 -to KEY[1]
set_instance_assignment -name IO_STANDARD "3.3 V SCHMITT TRIGGER" -to KEY[0]
set_instance_assignment -name IO_STANDARD "3.3 V SCHMITT TRIGGER" -to KEY[1]
set_location_assignment PIN_A8 -to LED_FPGA[0]
set_location_assignment PIN_A9 -to LED_FPGA[1]
set_location_assignment PIN_A10 -to LED_FPGA[2]
set_location_assignment PIN_B10 -to LED_FPGA[3]
set_location_assignment PIN_D13 -to LED_FPGA[4]
set_location_assignment PIN_C13 -to LED_FPGA[5]
set_location_assignment PIN_E14 -to LED_FPGA[6]
set_location_assignment PIN_D14 -to LED_FPGA[7]
set_location_assignment PIN_A11 -to LED_FPGA[8]
set_location_assignment PIN_B11 -to LED_FPGA[9]
set_instance_assignment -name IO_STANDARD "3.3-V LVTTL" -to LED_FPGA[*]
set_location_assignment PIN_C14 -to SEGMENT0[0]
set_location_assignment PIN_E15 -to SEGMENT0[1]
set_location_assignment PIN_C15 -to SEGMENT0[2]
set_location_assignment PIN_C16 -to SEGMENT0[3]
set_location_assignment PIN_E16 -to SEGMENT0[4]
set_location_assignment PIN_D17 -to SEGMENT0[5]
set_location_assignment PIN_C17 -to SEGMENT0[6]
set_location_assignment PIN_D15 -to SEGMENT0[7]
set_location_assignment PIN_C18 -to SEGMENT1[0]
set_location_assignment PIN_D18 -to SEGMENT1[1]
set_location_assignment PIN_E18 -to SEGMENT1[2]
set_location_assignment PIN_B16 -to SEGMENT1[3]
set_location_assignment PIN_A17 -to SEGMENT1[4]
set_location_assignment PIN_A18 -to SEGMENT1[5]
set_location_assignment PIN_B17 -to SEGMENT1[6]
set_location_assignment PIN_A16 -to SEGMENT1[7]
set_location_assignment PIN_B20 -to SEGMENT2[0]
set_location_assignment PIN_A20 -to SEGMENT2[1]
set_location_assignment PIN_B19 -to SEGMENT2[2]
set_location_assignment PIN_A21 -to SEGMENT2[3]
set_location_assignment PIN_B21 -to SEGMENT2[4]
set_location_assignment PIN_C22 -to SEGMENT2[5]
set_location_assignment PIN_B22 -to SEGMENT2[6]
set_location_assignment PIN_A19 -to SEGMENT2[7]
set_location_assignment PIN_F21 -to SEGMENT3[0]
set_location_assignment PIN_E22 -to SEGMENT3[1]
set_location_assignment PIN_E21 -to SEGMENT3[2]
set_location_assignment PIN_C19 -to SEGMENT3[3]
set_location_assignment PIN_C20 -to SEGMENT3[4]
set_location_assignment PIN_D19 -to SEGMENT3[5]
set_location_assignment PIN_E17 -to SEGMENT3[6]
set_location_assignment PIN_D22 -to SEGMENT3[7]
set_location_assignment PIN_F18 -to SEGMENT4[0]
set_location_assignment PIN_E20 -to SEGMENT4[1]
set_location_assignment PIN_E19 -to SEGMENT4[2]
set_location_assignment PIN_J18 -to SEGMENT4[3]
set_location_assignment PIN_H19 -to SEGMENT4[4]
set_location_assignment PIN_F19 -to SEGMENT4[5]
set_location_assignment PIN_F20 -to SEGMENT4[6]
set_location_assignment PIN_F17 -to SEGMENT4[7]
set_location_assignment PIN_J20 -to SEGMENT5[0]
set_location_assignment PIN_K20 -to SEGMENT5[1]
set_location_assignment PIN_L18 -to SEGMENT5[2]
set_location_assignment PIN_N18 -to SEGMENT5[3]
set_location_assignment PIN_M20 -to SEGMENT5[4]
set_location_assignment PIN_N19 -to SEGMENT5[5]
set_location_assignment PIN_N20 -to SEGMENT5[6]
set_location_assignment PIN_L19 -to SEGMENT5[7]
set_instance_assignment -name IO_STANDARD "3.3-V LVTTL" -to SEGMENT0[*]
set_instance_assignment -name IO_STANDARD "3.3-V LVTTL" -to SEGMENT1[*]
set_instance_assignment -name IO_STANDARD "3.3-V LVTTL" -to SEGMENT2[*]
set_instance_assignment -name IO_STANDARD "3.3-V LVTTL" -to SEGMENT3[*]
set_instance_assignment -name IO_STANDARD "3.3-V LVTTL" -to SEGMENT4[*]
set_instance_assignment -name IO_STANDARD "3.3-V LVTTL" -to SEGMENT5[*]
set_global_assignment -name PARTITION_NETLIST_TYPE SOURCE -section_id Top
set_global_assignment -name PARTITION_FITTER_PRESERVATION_LEVEL PLACEMENT_AND_ROUTING -section_id Top
set_global_assignment -name PARTITION_COLOR 16764057 -section_id Top
set_global_assignment -name POWER_PRESET_COOLING_SOLUTION "23 MM HEAT SINK WITH 200 LFPM AIRFLOW"
set_global_assignment -name POWER_BOARD_THERMAL_MODEL "NONE (CONSERVATIVE)"
set_global_assignment -name ENABLE_OCT_DONE OFF
set_global_assignment -name EXTERNAL_FLASH_FALLBACK_ADDRESS 00000000
set_global_assignment -name USE_CONFIGURATION_DEVICE OFF
set_global_assignment -name INTERNAL_FLASH_UPDATE_MODE "SINGLE COMP IMAGE WITH ERAM"
set_global_assignment -name CRC_ERROR_OPEN_DRAIN OFF
set_global_assignment -name OUTPUT_IO_TIMING_NEAR_END_VMEAS "HALF VCCIO" -rise
set_global_assignment -name OUTPUT_IO_TIMING_NEAR_END_VMEAS "HALF VCCIO" -fall
set_global_assignment -name OUTPUT_IO_TIMING_FAR_END_VMEAS "HALF SIGNAL SWING" -rise
set_global_assignment -name OUTPUT_IO_TIMING_FAR_END_VMEAS "HALF SIGNAL SWING" -fall
set_global_assignment -name SYSTEMVERILOG_FILE "../../Downloads/Team5-FPGA/timer.sv"
set_global_assignment -name SYSTEMVERILOG_FILE "../../Downloads/Team5-FPGA/signext.sv"
set_global_assignment -name SYSTEMVERILOG_FILE "../../Downloads/Team5-FPGA/sevensegment.sv"
set_global_assignment -name SYSTEMVERILOG_FILE "../../Downloads/Team5-FPGA/regfile.sv"
set_global_assignment -name SYSTEMVERILOG_FILE "../../Downloads/Team5-FPGA/PCSrcF_assertion.sv"
set_global_assignment -name SYSTEMVERILOG_FILE "../../Downloads/Team5-FPGA/PCSrcE_assertion.sv"
set_global_assignment -name SYSTEMVERILOG_FILE "../../Downloads/Team5-FPGA/pc_block.sv"
set_global_assignment -name SYSTEMVERILOG_FILE "../../Downloads/Team5-FPGA/mw_pipeline.sv"
set_global_assignment -name SYSTEMVERILOG_FILE "../../Downloads/Team5-FPGA/mux4.sv"
set_global_assignment -name SYSTEMVERILOG_FILE "../../Downloads/Team5-FPGA/mux.sv"
set_global_assignment -name SYSTEMVERILOG_FILE "../../Downloads/Team5-FPGA/hazard_unit.sv"
set_global_assignment -name SYSTEMVERILOG_FILE "../../Downloads/Team5-FPGA/gpio.sv"
set_global_assignment -name SYSTEMVERILOG_FILE "../../Downloads/Team5-FPGA/fpga_wrapper.sv"
set_global_assignment -name SYSTEMVERILOG_FILE "../../Downloads/Team5-FPGA/fd_pipeline.sv"
set_global_assignment -name SYSTEMVERILOG_FILE "../../Downloads/Team5-FPGA/evalprediction.sv"
set_global_assignment -name SYSTEMVERILOG_FILE "../../Downloads/Team5-FPGA/em_pipeline.sv"
set_global_assignment -name SYSTEMVERILOG_FILE "../../Downloads/Team5-FPGA/debouncer.sv"
set_global_assignment -name SYSTEMVERILOG_FILE "../../Downloads/Team5-FPGA/de_pipeline.sv"
set_global_assignment -name SYSTEMVERILOG_FILE "../../Downloads/Team5-FPGA/csr.sv"
set_global_assignment -name SYSTEMVERILOG_FILE "../../Downloads/Team5-FPGA/control.sv"
set_global_assignment -name SYSTEMVERILOG_FILE "../../Downloads/Team5-FPGA/branchpredictor2bit.sv"
set_global_assignment -name SYSTEMVERILOG_FILE "../../Downloads/Team5-FPGA/alu.sv"
set_global_assignment -name SYSTEMVERILOG_FILE "../../Downloads/Team5-FPGA/new_insmem.sv"
set_global_assignment -name SYSTEMVERILOG_FILE "../../Downloads/Team5-FPGA/new_datamem.sv"
set_global_assignment -name SYSTEMVERILOG_FILE "../../Downloads/Team5-FPGA/top.sv"
set_global_assignment -name TCL_SCRIPT_FILE pins.tcl
set_global_assignment -name QIP_FILE imem_ram.qip
set_global_assignment -name QIP_FILE dmem_ram.qip
set_global_assignment -name SDC_FILE fpga_wrapper.sdc
set_global_assignment -name QIP_FILE pll_25.qip
set_instance_assignment -name PARTITION_HIERARCHY root_partition -to | -section_id Top